PODS:
  - SVProgressHUD (2.3.1):
    - SVProgressHUD/Core (= 2.3.1)
  - SVProgressHUD/Core (2.3.1)
  - SwiftMessages (9.0.9):
    - SwiftMessages/App (= 9.0.9)
  - SwiftMessages/App (9.0.9)

DEPENDENCIES:
  - SVProgressHUD
  - SwiftMessages

SPEC REPOS:
  trunk:
    - SVProgressHUD
    - SwiftMessages

SPEC CHECKSUMS:
  SVProgressHUD: 4837c74bdfe2e51e8821c397825996a8d7de6e22
  SwiftMessages: 1a23aef303fa7bb26ad802880746cf8358e378fe

PODFILE CHECKSUM: 9332d2ecc4e35022f1c28169f194573b21fa975a

COCOAPODS: 1.11.3
